
Microsoft Visual Studio Solution File, Format Version 12.00
# Visual Studio Version 16
VisualStudioVersion = 16.0.30503.244
MinimumVisualStudioVersion = 10.0.40219.1
Project("{2150E333-8FDC-42A3-9474-1A3956D46DE8}") = "1.API", "1.API", "{558C424C-9935-4119-915F-3652FEBCCB3E}"
EndProject
Project("{9A19103F-16F7-4668-BE54-9A1E7A4F7556}") = "REST.API", "REST\REST.API\REST.API.csproj", "{2ED077EC-EAA6-4BE7-8DF1-D816AEF4932E}"
EndProject
Project("{9A19103F-16F7-4668-BE54-9A1E7A4F7556}") = "REST.API.Common", "REST\REST.API.Common\REST.API.Common.csproj", "{0C1B4930-539E-48B4-8AEE-DEFB1EE6D6F2}"
EndProject
Project("{9A19103F-16F7-4668-BE54-9A1E7A4F7556}") = "REST.API.DataContracts", "REST\REST.API.DataContracts\REST.API.DataContracts.csproj", "{9D909CB7-9FD3-4036-AB64-5A08C48BF09E}"
EndProject
Project("{2150E333-8FDC-42A3-9474-1A3956D46DE8}") = "00.Tests", "00.Tests", "{55E4C707-A088-4E5A-B16C-D44B84C70127}"
EndProject
Project("{2150E333-8FDC-42A3-9474-1A3956D46DE8}") = "01.Common", "01.Common", "{0138E1B8-9C8B-4D95-8D87-41F766CD8F3C}"
EndProject
Project("{9A19103F-16F7-4668-BE54-9A1E7A4F7556}") = "REST.IoC.Configuration", "REST\REST.IoC.Configuration\REST.IoC.Configuration.csproj", "{9B7F33E6-F0D1-4F96-883B-93476D1ED9EC}"
EndProject
Project("{9A19103F-16F7-4668-BE54-9A1E7A4F7556}") = "REST.Tools", "REST\REST.Tools\REST.Tools.csproj", "{5D39032D-F4D0-4A1F-8497-9ADAC94CCC54}"
EndProject
Project("{2150E333-8FDC-42A3-9474-1A3956D46DE8}") = "2.Services", "2.Services", "{DC00FEAC-E99A-4F08-A73F-2CC6EFAF4BFD}"
EndProject
Project("{9A19103F-16F7-4668-BE54-9A1E7A4F7556}") = "REST.Services", "REST\REST.Services\REST.Services.csproj", "{57C85D39-FC53-4BCE-8CE7-2368CF583842}"
EndProject
Project("{2150E333-8FDC-42A3-9474-1A3956D46DE8}") = "3.Repositories", "3.Repositories", "{67494658-CE77-447E-AC18-FC7E6D1D4A5C}"
EndProject
Project("{2150E333-8FDC-42A3-9474-1A3956D46DE8}") = "4.Database.Context", "4.Database.Context", "{5F5F00E7-7865-4C81-ADE5-EB6B42BC7375}"
EndProject
Project("{9A19103F-16F7-4668-BE54-9A1E7A4F7556}") = "Repositories.DataAccess", "REST\Repositories.DataAccess\Repositories.DataAccess.csproj", "{9685162D-5E0D-4CF4-A0AA-99C45B06F292}"
EndProject
Project("{9A19103F-16F7-4668-BE54-9A1E7A4F7556}") = "Repositories.DataContracts", "REST\Repositories.DataContracts\Repositories.DataContracts.csproj", "{1D298A23-DE8F-4068-899F-EA9E1E8ABB7C}"
EndProject
Project("{9A19103F-16F7-4668-BE54-9A1E7A4F7556}") = "EFCore", "REST\EFCore\EFCore.csproj", "{B3D91C54-6B2C-4B58-80A3-CFE1D8E9A241}"
EndProject
Project("{9A19103F-16F7-4668-BE54-9A1E7A4F7556}") = "Database.Context.DataContracts", "REST\Database.Context.DataContracts\Database.Context.DataContracts.csproj", "{14A0094C-C31E-4719-BFEB-94D0891DDACE}"
EndProject
Project("{9A19103F-16F7-4668-BE54-9A1E7A4F7556}") = "AspNetCore.MaxConcurrentRequests", "REST\AspNetCore.MaxConcurrentRequests\AspNetCore.MaxConcurrentRequests\AspNetCore.MaxConcurrentRequests.csproj", "{578E8BAC-3F32-4DD5-AD5E-ABF9E0F06402}"
EndProject
Project("{9A19103F-16F7-4668-BE54-9A1E7A4F7556}") = "REST.API.Tests.Controllers", "REST\Tests\REST.API.Tests.Controllers\REST.API.Tests.Controllers.csproj", "{C68BEA40-5864-48DD-9C8C-0764C4C0087E}"
EndProject
Project("{9A19103F-16F7-4668-BE54-9A1E7A4F7556}") = "REST.API.Tests.REST", "REST\Tests\REST.API.Tests.REST\REST.API.Tests.REST.csproj", "{9A275742-8BDE-482F-BA1B-9D2F93C51585}"
EndProject
Project("{9A19103F-16F7-4668-BE54-9A1E7A4F7556}") = "Test.AspNetCore.MaxConcurrentRequests", "REST\Tests\Test.AspNetCore.MaxConcurrentRequests\Test.AspNetCore.MaxConcurrentRequests.csproj", "{BE03942E-B21F-4C81-A20F-C492B2C77C56}"
EndProject
Project("{2150E333-8FDC-42A3-9474-1A3956D46DE8}") = "Auth", "Auth", "{A59E7021-2A47-4EBC-9A32-32395C058ADF}"
EndProject
Project("{9A19103F-16F7-4668-BE54-9A1E7A4F7556}") = "AuthServer", "REST\Jwt-Authentication-Server\src\AuthServer\src\AuthServer\AuthServer.csproj", "{CC8B7D77-DC9D-4D88-AFCE-304443F05918}"
EndProject
Project("{9A19103F-16F7-4668-BE54-9A1E7A4F7556}") = "Common", "REST\Jwt-Authentication-Server\src\Common\src\Common\Common.csproj", "{7C817657-5FEC-4C61-B19F-E16940712833}"
EndProject
Project("{9A19103F-16F7-4668-BE54-9A1E7A4F7556}") = "ProtectedAPIResource", "REST\Jwt-Authentication-Server\src\Resources Server\src\ProtectedAPIResource\ProtectedAPIResource.csproj", "{BCC6787D-804E-49A6-9BE8-A61FAADB27E6}"
EndProject
Project("{2150E333-8FDC-42A3-9474-1A3956D46DE8}") = "AspNetCoreWindowsAuth-master", "AspNetCoreWindowsAuth-master", "{F97FCF6C-0BB4-4D8D-84C5-BEA162668C5B}"
EndProject
Project("{9A19103F-16F7-4668-BE54-9A1E7A4F7556}") = "AspNetCoreWindowsAuth", "REST\AspNetCoreWindowsAuth-master\AspNetCoreWindowsAuth\AspNetCoreWindowsAuth.csproj", "{55F383E7-BED5-4372-BC43-882D7180C99B}"
EndProject
Project("{9A19103F-16F7-4668-BE54-9A1E7A4F7556}") = "AppAuthorizationService", "REST\AspNetCoreWindowsAuth-master\AuthorizationService\AppAuthorizationService.csproj", "{BA19F5C3-FD72-4972-9C3A-A8A686DE1E83}"
EndProject
Project("{9A19103F-16F7-4668-BE54-9A1E7A4F7556}") = "MvcHybridClient", "REST\AspNetCoreWindowsAuth-master\MvcHybridClient\MvcHybridClient.csproj", "{3E24E529-2E18-4391-A0D7-E7673D2A22B8}"
EndProject
Project("{9A19103F-16F7-4668-BE54-9A1E7A4F7556}") = "NativeConsolePKCEClient", "REST\AspNetCoreWindowsAuth-master\NativeConsolePKCEClient\NativeConsolePKCEClient.csproj", "{5FBD76F9-3D24-42FD-9C3D-36297E306703}"
EndProject
Project("{9A19103F-16F7-4668-BE54-9A1E7A4F7556}") = "StsServer", "REST\AspNetCoreWindowsAuth-master\StsServer\StsServer.csproj", "{8BF917B5-FDDA-439B-86A8-B50B6A25FCDF}"
EndProject
Project("{9A19103F-16F7-4668-BE54-9A1E7A4F7556}") = "WebApi", "REST\AspNetCoreWindowsAuth-master\WebApi\WebApi.csproj", "{03859AA5-12C6-4A04-9407-073A50B9A9C1}"
EndProject
Project("{2150E333-8FDC-42A3-9474-1A3956D46DE8}") = "5.BL", "5.BL", "{F641CF1F-144A-466D-945F-E0B29E7033F6}"
EndProject
Global
	GlobalSection(SolutionConfigurationPlatforms) = preSolution
		Debug|Any CPU = Debug|Any CPU
		Release|Any CPU = Release|Any CPU
	EndGlobalSection
	GlobalSection(ProjectConfigurationPlatforms) = postSolution
		{2ED077EC-EAA6-4BE7-8DF1-D816AEF4932E}.Debug|Any CPU.ActiveCfg = Debug|Any CPU
		{2ED077EC-EAA6-4BE7-8DF1-D816AEF4932E}.Debug|Any CPU.Build.0 = Debug|Any CPU
		{2ED077EC-EAA6-4BE7-8DF1-D816AEF4932E}.Release|Any CPU.ActiveCfg = Release|Any CPU
		{2ED077EC-EAA6-4BE7-8DF1-D816AEF4932E}.Release|Any CPU.Build.0 = Release|Any CPU
		{0C1B4930-539E-48B4-8AEE-DEFB1EE6D6F2}.Debug|Any CPU.ActiveCfg = Debug|Any CPU
		{0C1B4930-539E-48B4-8AEE-DEFB1EE6D6F2}.Debug|Any CPU.Build.0 = Debug|Any CPU
		{0C1B4930-539E-48B4-8AEE-DEFB1EE6D6F2}.Release|Any CPU.ActiveCfg = Release|Any CPU
		{0C1B4930-539E-48B4-8AEE-DEFB1EE6D6F2}.Release|Any CPU.Build.0 = Release|Any CPU
		{9D909CB7-9FD3-4036-AB64-5A08C48BF09E}.Debug|Any CPU.ActiveCfg = Debug|Any CPU
		{9D909CB7-9FD3-4036-AB64-5A08C48BF09E}.Debug|Any CPU.Build.0 = Debug|Any CPU
		{9D909CB7-9FD3-4036-AB64-5A08C48BF09E}.Release|Any CPU.ActiveCfg = Release|Any CPU
		{9D909CB7-9FD3-4036-AB64-5A08C48BF09E}.Release|Any CPU.Build.0 = Release|Any CPU
		{9B7F33E6-F0D1-4F96-883B-93476D1ED9EC}.Debug|Any CPU.ActiveCfg = Debug|Any CPU
		{9B7F33E6-F0D1-4F96-883B-93476D1ED9EC}.Debug|Any CPU.Build.0 = Debug|Any CPU
		{9B7F33E6-F0D1-4F96-883B-93476D1ED9EC}.Release|Any CPU.ActiveCfg = Release|Any CPU
		{9B7F33E6-F0D1-4F96-883B-93476D1ED9EC}.Release|Any CPU.Build.0 = Release|Any CPU
		{5D39032D-F4D0-4A1F-8497-9ADAC94CCC54}.Debug|Any CPU.ActiveCfg = Debug|Any CPU
		{5D39032D-F4D0-4A1F-8497-9ADAC94CCC54}.Debug|Any CPU.Build.0 = Debug|Any CPU
		{5D39032D-F4D0-4A1F-8497-9ADAC94CCC54}.Release|Any CPU.ActiveCfg = Release|Any CPU
		{5D39032D-F4D0-4A1F-8497-9ADAC94CCC54}.Release|Any CPU.Build.0 = Release|Any CPU
		{57C85D39-FC53-4BCE-8CE7-2368CF583842}.Debug|Any CPU.ActiveCfg = Debug|Any CPU
		{57C85D39-FC53-4BCE-8CE7-2368CF583842}.Debug|Any CPU.Build.0 = Debug|Any CPU
		{57C85D39-FC53-4BCE-8CE7-2368CF583842}.Release|Any CPU.ActiveCfg = Release|Any CPU
		{57C85D39-FC53-4BCE-8CE7-2368CF583842}.Release|Any CPU.Build.0 = Release|Any CPU
		{9685162D-5E0D-4CF4-A0AA-99C45B06F292}.Debug|Any CPU.ActiveCfg = Debug|Any CPU
		{9685162D-5E0D-4CF4-A0AA-99C45B06F292}.Debug|Any CPU.Build.0 = Debug|Any CPU
		{9685162D-5E0D-4CF4-A0AA-99C45B06F292}.Release|Any CPU.ActiveCfg = Release|Any CPU
		{9685162D-5E0D-4CF4-A0AA-99C45B06F292}.Release|Any CPU.Build.0 = Release|Any CPU
		{1D298A23-DE8F-4068-899F-EA9E1E8ABB7C}.Debug|Any CPU.ActiveCfg = Debug|Any CPU
		{1D298A23-DE8F-4068-899F-EA9E1E8ABB7C}.Debug|Any CPU.Build.0 = Debug|Any CPU
		{1D298A23-DE8F-4068-899F-EA9E1E8ABB7C}.Release|Any CPU.ActiveCfg = Release|Any CPU
		{1D298A23-DE8F-4068-899F-EA9E1E8ABB7C}.Release|Any CPU.Build.0 = Release|Any CPU
		{B3D91C54-6B2C-4B58-80A3-CFE1D8E9A241}.Debug|Any CPU.ActiveCfg = Debug|Any CPU
		{B3D91C54-6B2C-4B58-80A3-CFE1D8E9A241}.Debug|Any CPU.Build.0 = Debug|Any CPU
		{B3D91C54-6B2C-4B58-80A3-CFE1D8E9A241}.Release|Any CPU.ActiveCfg = Release|Any CPU
		{B3D91C54-6B2C-4B58-80A3-CFE1D8E9A241}.Release|Any CPU.Build.0 = Release|Any CPU
		{14A0094C-C31E-4719-BFEB-94D0891DDACE}.Debug|Any CPU.ActiveCfg = Debug|Any CPU
		{14A0094C-C31E-4719-BFEB-94D0891DDACE}.Debug|Any CPU.Build.0 = Debug|Any CPU
		{14A0094C-C31E-4719-BFEB-94D0891DDACE}.Release|Any CPU.ActiveCfg = Release|Any CPU
		{14A0094C-C31E-4719-BFEB-94D0891DDACE}.Release|Any CPU.Build.0 = Release|Any CPU
		{578E8BAC-3F32-4DD5-AD5E-ABF9E0F06402}.Debug|Any CPU.ActiveCfg = Debug|Any CPU
		{578E8BAC-3F32-4DD5-AD5E-ABF9E0F06402}.Debug|Any CPU.Build.0 = Debug|Any CPU
		{578E8BAC-3F32-4DD5-AD5E-ABF9E0F06402}.Release|Any CPU.ActiveCfg = Release|Any CPU
		{578E8BAC-3F32-4DD5-AD5E-ABF9E0F06402}.Release|Any CPU.Build.0 = Release|Any CPU
		{C68BEA40-5864-48DD-9C8C-0764C4C0087E}.Debug|Any CPU.ActiveCfg = Debug|Any CPU
		{C68BEA40-5864-48DD-9C8C-0764C4C0087E}.Debug|Any CPU.Build.0 = Debug|Any CPU
		{C68BEA40-5864-48DD-9C8C-0764C4C0087E}.Release|Any CPU.ActiveCfg = Release|Any CPU
		{C68BEA40-5864-48DD-9C8C-0764C4C0087E}.Release|Any CPU.Build.0 = Release|Any CPU
		{9A275742-8BDE-482F-BA1B-9D2F93C51585}.Debug|Any CPU.ActiveCfg = Debug|Any CPU
		{9A275742-8BDE-482F-BA1B-9D2F93C51585}.Debug|Any CPU.Build.0 = Debug|Any CPU
		{9A275742-8BDE-482F-BA1B-9D2F93C51585}.Release|Any CPU.ActiveCfg = Release|Any CPU
		{9A275742-8BDE-482F-BA1B-9D2F93C51585}.Release|Any CPU.Build.0 = Release|Any CPU
		{BE03942E-B21F-4C81-A20F-C492B2C77C56}.Debug|Any CPU.ActiveCfg = Debug|Any CPU
		{BE03942E-B21F-4C81-A20F-C492B2C77C56}.Debug|Any CPU.Build.0 = Debug|Any CPU
		{BE03942E-B21F-4C81-A20F-C492B2C77C56}.Release|Any CPU.ActiveCfg = Release|Any CPU
		{BE03942E-B21F-4C81-A20F-C492B2C77C56}.Release|Any CPU.Build.0 = Release|Any CPU
		{CC8B7D77-DC9D-4D88-AFCE-304443F05918}.Debug|Any CPU.ActiveCfg = Debug|Any CPU
		{CC8B7D77-DC9D-4D88-AFCE-304443F05918}.Debug|Any CPU.Build.0 = Debug|Any CPU
		{CC8B7D77-DC9D-4D88-AFCE-304443F05918}.Release|Any CPU.ActiveCfg = Release|Any CPU
		{CC8B7D77-DC9D-4D88-AFCE-304443F05918}.Release|Any CPU.Build.0 = Release|Any CPU
		{7C817657-5FEC-4C61-B19F-E16940712833}.Debug|Any CPU.ActiveCfg = Debug|Any CPU
		{7C817657-5FEC-4C61-B19F-E16940712833}.Debug|Any CPU.Build.0 = Debug|Any CPU
		{7C817657-5FEC-4C61-B19F-E16940712833}.Release|Any CPU.ActiveCfg = Release|Any CPU
		{7C817657-5FEC-4C61-B19F-E16940712833}.Release|Any CPU.Build.0 = Release|Any CPU
		{BCC6787D-804E-49A6-9BE8-A61FAADB27E6}.Debug|Any CPU.ActiveCfg = Debug|Any CPU
		{BCC6787D-804E-49A6-9BE8-A61FAADB27E6}.Debug|Any CPU.Build.0 = Debug|Any CPU
		{BCC6787D-804E-49A6-9BE8-A61FAADB27E6}.Release|Any CPU.ActiveCfg = Release|Any CPU
		{BCC6787D-804E-49A6-9BE8-A61FAADB27E6}.Release|Any CPU.Build.0 = Release|Any CPU
		{55F383E7-BED5-4372-BC43-882D7180C99B}.Debug|Any CPU.ActiveCfg = Debug|Any CPU
		{55F383E7-BED5-4372-BC43-882D7180C99B}.Debug|Any CPU.Build.0 = Debug|Any CPU
		{55F383E7-BED5-4372-BC43-882D7180C99B}.Release|Any CPU.ActiveCfg = Release|Any CPU
		{55F383E7-BED5-4372-BC43-882D7180C99B}.Release|Any CPU.Build.0 = Release|Any CPU
		{BA19F5C3-FD72-4972-9C3A-A8A686DE1E83}.Debug|Any CPU.ActiveCfg = Debug|Any CPU
		{BA19F5C3-FD72-4972-9C3A-A8A686DE1E83}.Debug|Any CPU.Build.0 = Debug|Any CPU
		{BA19F5C3-FD72-4972-9C3A-A8A686DE1E83}.Release|Any CPU.ActiveCfg = Release|Any CPU
		{BA19F5C3-FD72-4972-9C3A-A8A686DE1E83}.Release|Any CPU.Build.0 = Release|Any CPU
		{3E24E529-2E18-4391-A0D7-E7673D2A22B8}.Debug|Any CPU.ActiveCfg = Debug|Any CPU
		{3E24E529-2E18-4391-A0D7-E7673D2A22B8}.Debug|Any CPU.Build.0 = Debug|Any CPU
		{3E24E529-2E18-4391-A0D7-E7673D2A22B8}.Release|Any CPU.ActiveCfg = Release|Any CPU
		{3E24E529-2E18-4391-A0D7-E7673D2A22B8}.Release|Any CPU.Build.0 = Release|Any CPU
		{5FBD76F9-3D24-42FD-9C3D-36297E306703}.Debug|Any CPU.ActiveCfg = Debug|Any CPU
		{5FBD76F9-3D24-42FD-9C3D-36297E306703}.Debug|Any CPU.Build.0 = Debug|Any CPU
		{5FBD76F9-3D24-42FD-9C3D-36297E306703}.Release|Any CPU.ActiveCfg = Release|Any CPU
		{5FBD76F9-3D24-42FD-9C3D-36297E306703}.Release|Any CPU.Build.0 = Release|Any CPU
		{8BF917B5-FDDA-439B-86A8-B50B6A25FCDF}.Debug|Any CPU.ActiveCfg = Debug|Any CPU
		{8BF917B5-FDDA-439B-86A8-B50B6A25FCDF}.Debug|Any CPU.Build.0 = Debug|Any CPU
		{8BF917B5-FDDA-439B-86A8-B50B6A25FCDF}.Release|Any CPU.ActiveCfg = Release|Any CPU
		{8BF917B5-FDDA-439B-86A8-B50B6A25FCDF}.Release|Any CPU.Build.0 = Release|Any CPU
		{03859AA5-12C6-4A04-9407-073A50B9A9C1}.Debug|Any CPU.ActiveCfg = Debug|Any CPU
		{03859AA5-12C6-4A04-9407-073A50B9A9C1}.Debug|Any CPU.Build.0 = Debug|Any CPU
		{03859AA5-12C6-4A04-9407-073A50B9A9C1}.Release|Any CPU.ActiveCfg = Release|Any CPU
		{03859AA5-12C6-4A04-9407-073A50B9A9C1}.Release|Any CPU.Build.0 = Release|Any CPU
	EndGlobalSection
	GlobalSection(SolutionProperties) = preSolution
		HideSolutionNode = FALSE
	EndGlobalSection
	GlobalSection(NestedProjects) = preSolution
		{2ED077EC-EAA6-4BE7-8DF1-D816AEF4932E} = {558C424C-9935-4119-915F-3652FEBCCB3E}
		{0C1B4930-539E-48B4-8AEE-DEFB1EE6D6F2} = {558C424C-9935-4119-915F-3652FEBCCB3E}
		{9D909CB7-9FD3-4036-AB64-5A08C48BF09E} = {558C424C-9935-4119-915F-3652FEBCCB3E}
		{9B7F33E6-F0D1-4F96-883B-93476D1ED9EC} = {0138E1B8-9C8B-4D95-8D87-41F766CD8F3C}
		{5D39032D-F4D0-4A1F-8497-9ADAC94CCC54} = {0138E1B8-9C8B-4D95-8D87-41F766CD8F3C}
		{57C85D39-FC53-4BCE-8CE7-2368CF583842} = {DC00FEAC-E99A-4F08-A73F-2CC6EFAF4BFD}
		{9685162D-5E0D-4CF4-A0AA-99C45B06F292} = {67494658-CE77-447E-AC18-FC7E6D1D4A5C}
		{1D298A23-DE8F-4068-899F-EA9E1E8ABB7C} = {67494658-CE77-447E-AC18-FC7E6D1D4A5C}
		{B3D91C54-6B2C-4B58-80A3-CFE1D8E9A241} = {5F5F00E7-7865-4C81-ADE5-EB6B42BC7375}
		{14A0094C-C31E-4719-BFEB-94D0891DDACE} = {5F5F00E7-7865-4C81-ADE5-EB6B42BC7375}
		{578E8BAC-3F32-4DD5-AD5E-ABF9E0F06402} = {0138E1B8-9C8B-4D95-8D87-41F766CD8F3C}
		{C68BEA40-5864-48DD-9C8C-0764C4C0087E} = {55E4C707-A088-4E5A-B16C-D44B84C70127}
		{9A275742-8BDE-482F-BA1B-9D2F93C51585} = {55E4C707-A088-4E5A-B16C-D44B84C70127}
		{BE03942E-B21F-4C81-A20F-C492B2C77C56} = {55E4C707-A088-4E5A-B16C-D44B84C70127}
		{A59E7021-2A47-4EBC-9A32-32395C058ADF} = {DC00FEAC-E99A-4F08-A73F-2CC6EFAF4BFD}
		{CC8B7D77-DC9D-4D88-AFCE-304443F05918} = {A59E7021-2A47-4EBC-9A32-32395C058ADF}
		{7C817657-5FEC-4C61-B19F-E16940712833} = {A59E7021-2A47-4EBC-9A32-32395C058ADF}
		{BCC6787D-804E-49A6-9BE8-A61FAADB27E6} = {A59E7021-2A47-4EBC-9A32-32395C058ADF}
		{F97FCF6C-0BB4-4D8D-84C5-BEA162668C5B} = {A59E7021-2A47-4EBC-9A32-32395C058ADF}
		{55F383E7-BED5-4372-BC43-882D7180C99B} = {F97FCF6C-0BB4-4D8D-84C5-BEA162668C5B}
		{BA19F5C3-FD72-4972-9C3A-A8A686DE1E83} = {F97FCF6C-0BB4-4D8D-84C5-BEA162668C5B}
		{3E24E529-2E18-4391-A0D7-E7673D2A22B8} = {F97FCF6C-0BB4-4D8D-84C5-BEA162668C5B}
		{5FBD76F9-3D24-42FD-9C3D-36297E306703} = {F97FCF6C-0BB4-4D8D-84C5-BEA162668C5B}
		{8BF917B5-FDDA-439B-86A8-B50B6A25FCDF} = {F97FCF6C-0BB4-4D8D-84C5-BEA162668C5B}
		{03859AA5-12C6-4A04-9407-073A50B9A9C1} = {F97FCF6C-0BB4-4D8D-84C5-BEA162668C5B}
	EndGlobalSection
	GlobalSection(ExtensibilityGlobals) = postSolution
		SolutionGuid = {15BDBB25-1992-40B1-B66B-006DFB749E17}
	EndGlobalSection
EndGlobal
